
Microsoft Visual Studio Solution File, Format Version 12.00
# Visual Studio 15
VisualStudioVersion = 15.0.28307.1913
MinimumVisualStudioVersion = 10.0.40219.1
Project("{FAE04EC0-301F-11D3-BF4B-00C04F79EFBC}") = "WebApplication2", "WebApplication2\WebApplication2.csproj", "{AA758F10-FE14-4DBF-95C4-09A6C027F1A4}"
EndProject
Global
	GlobalSection(SolutionConfigurationPlatforms) = preSolution
		Debug|Any CPU = Debug|Any CPU
		Release|Any CPU = Release|Any CPU
	EndGlobalSection
	GlobalSection(ProjectConfigurationPlatforms) = postSolution
		{AA758F10-FE14-4DBF-95C4-09A6C027F1A4}.Debug|Any CPU.ActiveCfg = Debug|Any CPU
		{AA758F10-FE14-4DBF-95C4-09A6C027F1A4}.Debug|Any CPU.Build.0 = Debug|Any CPU
		{AA758F10-FE14-4DBF-95C4-09A6C027F1A4}.Release|Any CPU.ActiveCfg = Release|Any CPU
		{AA758F10-FE14-4DBF-95C4-09A6C027F1A4}.Release|Any CPU.Build.0 = Release|Any CPU
	EndGlobalSection
	GlobalSection(SolutionProperties) = preSolution
		HideSolutionNode = FALSE
	EndGlobalSection
	GlobalSection(ExtensibilityGlobals) = postSolution
		SolutionGuid = {0B831112-1857-498B-94F5-E3C7ECB3D71E}
	EndGlobalSection
EndGlobal
